
Microsoft Visual Studio Solution File, Format Version 12.00
# Visual Studio Version 17
VisualStudioVersion = 17.8.34330.188
MinimumVisualStudioVersion = 10.0.40219.1
Project("{FAE04EC0-301F-11D3-BF4B-00C04F79EFBC}") = "SimpleCrud", "SimpleCrud.csproj", "{19657DD3-63F8-4A8A-BC54-7E6D6B3F8F11}"
EndProject
Global
	GlobalSection(SolutionConfigurationPlatforms) = preSolution
		Debug|Any CPU = Debug|Any CPU
		Release|Any CPU = Release|Any CPU
	EndGlobalSection
	GlobalSection(ProjectConfigurationPlatforms) = postSolution
		{19657DD3-63F8-4A8A-BC54-7E6D6B3F8F11}.Debug|Any CPU.ActiveCfg = Debug|Any CPU
		{19657DD3-63F8-4A8A-BC54-7E6D6B3F8F11}.Debug|Any CPU.Build.0 = Debug|Any CPU
		{19657DD3-63F8-4A8A-BC54-7E6D6B3F8F11}.Release|Any CPU.ActiveCfg = Release|Any CPU
		{19657DD3-63F8-4A8A-BC54-7E6D6B3F8F11}.Release|Any CPU.Build.0 = Release|Any CPU
	EndGlobalSection
	GlobalSection(SolutionProperties) = preSolution
		HideSolutionNode = FALSE
	EndGlobalSection
	GlobalSection(ExtensibilityGlobals) = postSolution
		SolutionGuid = {B3896EB8-591A-43FA-95C4-D6E38CF5C127}
	EndGlobalSection
EndGlobal
