
Microsoft Visual Studio Solution File, Format Version 12.00
# Visual Studio Version 17
VisualStudioVersion = 17.8.34322.80
MinimumVisualStudioVersion = 10.0.40219.1
Project("{FAE04EC0-301F-11D3-BF4B-00C04F79EFBC}") = "SmkMovies", "SmkMovies\SmkMovies.csproj", "{0E55CBC9-4119-476E-B7F2-68C792662DE7}"
EndProject
Global
	GlobalSection(SolutionConfigurationPlatforms) = preSolution
		Debug|Any CPU = Debug|Any CPU
		Release|Any CPU = Release|Any CPU
	EndGlobalSection
	GlobalSection(ProjectConfigurationPlatforms) = postSolution
		{0E55CBC9-4119-476E-B7F2-68C792662DE7}.Debug|Any CPU.ActiveCfg = Debug|Any CPU
		{0E55CBC9-4119-476E-B7F2-68C792662DE7}.Debug|Any CPU.Build.0 = Debug|Any CPU
		{0E55CBC9-4119-476E-B7F2-68C792662DE7}.Release|Any CPU.ActiveCfg = Release|Any CPU
		{0E55CBC9-4119-476E-B7F2-68C792662DE7}.Release|Any CPU.Build.0 = Release|Any CPU
	EndGlobalSection
	GlobalSection(SolutionProperties) = preSolution
		HideSolutionNode = FALSE
	EndGlobalSection
	GlobalSection(ExtensibilityGlobals) = postSolution
		SolutionGuid = {347C2100-40DF-4ABD-A316-F89BEBA8E43B}
	EndGlobalSection
EndGlobal
