
Microsoft Visual Studio Solution File, Format Version 12.00
# Visual Studio Version 17
VisualStudioVersion = 17.8.34330.188
MinimumVisualStudioVersion = 10.0.40219.1
Project("{FAE04EC0-301F-11D3-BF4B-00C04F79EFBC}") = "FirstAPI", "FirstAPI\FirstAPI.csproj", "{33D8FD11-4EDD-4418-BEEE-AC7C0A0AEB01}"
EndProject
Global
	GlobalSection(SolutionConfigurationPlatforms) = preSolution
		Debug|Any CPU = Debug|Any CPU
		Release|Any CPU = Release|Any CPU
	EndGlobalSection
	GlobalSection(ProjectConfigurationPlatforms) = postSolution
		{33D8FD11-4EDD-4418-BEEE-AC7C0A0AEB01}.Debug|Any CPU.ActiveCfg = Debug|Any CPU
		{33D8FD11-4EDD-4418-BEEE-AC7C0A0AEB01}.Debug|Any CPU.Build.0 = Debug|Any CPU
		{33D8FD11-4EDD-4418-BEEE-AC7C0A0AEB01}.Release|Any CPU.ActiveCfg = Release|Any CPU
		{33D8FD11-4EDD-4418-BEEE-AC7C0A0AEB01}.Release|Any CPU.Build.0 = Release|Any CPU
	EndGlobalSection
	GlobalSection(SolutionProperties) = preSolution
		HideSolutionNode = FALSE
	EndGlobalSection
	GlobalSection(ExtensibilityGlobals) = postSolution
		SolutionGuid = {E3329C03-B267-4A6E-B769-DB544D7CDEF7}
	EndGlobalSection
EndGlobal
