
Microsoft Visual Studio Solution File, Format Version 12.00
# Visual Studio Version 17
VisualStudioVersion = 17.8.34330.188
MinimumVisualStudioVersion = 10.0.40219.1
Project("{FAE04EC0-301F-11D3-BF4B-00C04F79EFBC}") = "FileManagement", "FileManagement.csproj", "{742F61D7-F8F1-4E92-967C-FA687503DF0F}"
EndProject
Global
	GlobalSection(SolutionConfigurationPlatforms) = preSolution
		Debug|Any CPU = Debug|Any CPU
		Release|Any CPU = Release|Any CPU
	EndGlobalSection
	GlobalSection(ProjectConfigurationPlatforms) = postSolution
		{742F61D7-F8F1-4E92-967C-FA687503DF0F}.Debug|Any CPU.ActiveCfg = Debug|Any CPU
		{742F61D7-F8F1-4E92-967C-FA687503DF0F}.Debug|Any CPU.Build.0 = Debug|Any CPU
		{742F61D7-F8F1-4E92-967C-FA687503DF0F}.Release|Any CPU.ActiveCfg = Release|Any CPU
		{742F61D7-F8F1-4E92-967C-FA687503DF0F}.Release|Any CPU.Build.0 = Release|Any CPU
	EndGlobalSection
	GlobalSection(SolutionProperties) = preSolution
		HideSolutionNode = FALSE
	EndGlobalSection
	GlobalSection(ExtensibilityGlobals) = postSolution
		SolutionGuid = {4663E3E1-2471-437C-A9F2-12FD540C5CE8}
	EndGlobalSection
EndGlobal
