
Microsoft Visual Studio Solution File, Format Version 12.00
# Visual Studio Version 17
VisualStudioVersion = 17.8.34322.80
MinimumVisualStudioVersion = 10.0.40219.1
Project("{FAE04EC0-301F-11D3-BF4B-00C04F79EFBC}") = "get-post-put-delete", "get-post-put-delete\get-post-put-delete.csproj", "{817E95C7-8AED-4E1E-9A78-3609E2252AF5}"
EndProject
Global
	GlobalSection(SolutionConfigurationPlatforms) = preSolution
		Debug|Any CPU = Debug|Any CPU
		Release|Any CPU = Release|Any CPU
	EndGlobalSection
	GlobalSection(ProjectConfigurationPlatforms) = postSolution
		{817E95C7-8AED-4E1E-9A78-3609E2252AF5}.Debug|Any CPU.ActiveCfg = Debug|Any CPU
		{817E95C7-8AED-4E1E-9A78-3609E2252AF5}.Debug|Any CPU.Build.0 = Debug|Any CPU
		{817E95C7-8AED-4E1E-9A78-3609E2252AF5}.Release|Any CPU.ActiveCfg = Release|Any CPU
		{817E95C7-8AED-4E1E-9A78-3609E2252AF5}.Release|Any CPU.Build.0 = Release|Any CPU
	EndGlobalSection
	GlobalSection(SolutionProperties) = preSolution
		HideSolutionNode = FALSE
	EndGlobalSection
	GlobalSection(ExtensibilityGlobals) = postSolution
		SolutionGuid = {FC17A870-8FCD-4AD7-892F-632A509B8F9D}
	EndGlobalSection
EndGlobal
