
Microsoft Visual Studio Solution File, Format Version 12.00
# Visual Studio Version 17
VisualStudioVersion = 17.8.34408.163
MinimumVisualStudioVersion = 10.0.40219.1
Project("{FAE04EC0-301F-11D3-BF4B-00C04F79EFBC}") = "EsemkaStoreAPI", "EsemkaStoreAPI.csproj", "{FC94BBF3-6A66-4432-B36A-37F4CFFD1BB0}"
EndProject
Global
	GlobalSection(SolutionConfigurationPlatforms) = preSolution
		Debug|Any CPU = Debug|Any CPU
		Release|Any CPU = Release|Any CPU
	EndGlobalSection
	GlobalSection(ProjectConfigurationPlatforms) = postSolution
		{FC94BBF3-6A66-4432-B36A-37F4CFFD1BB0}.Debug|Any CPU.ActiveCfg = Debug|Any CPU
		{FC94BBF3-6A66-4432-B36A-37F4CFFD1BB0}.Debug|Any CPU.Build.0 = Debug|Any CPU
		{FC94BBF3-6A66-4432-B36A-37F4CFFD1BB0}.Release|Any CPU.ActiveCfg = Release|Any CPU
		{FC94BBF3-6A66-4432-B36A-37F4CFFD1BB0}.Release|Any CPU.Build.0 = Release|Any CPU
	EndGlobalSection
	GlobalSection(SolutionProperties) = preSolution
		HideSolutionNode = FALSE
	EndGlobalSection
	GlobalSection(ExtensibilityGlobals) = postSolution
		SolutionGuid = {9F76A95B-B4A5-4B2D-81BE-1909CE79D71C}
	EndGlobalSection
EndGlobal
