
Microsoft Visual Studio Solution File, Format Version 12.00
# Visual Studio Version 17
VisualStudioVersion = 17.8.34330.188
MinimumVisualStudioVersion = 10.0.40219.1
Project("{FAE04EC0-301F-11D3-BF4B-00C04F79EFBC}") = "Belajar_WebApi_01", "Belajar_WebApi_01\Belajar_WebApi_01.csproj", "{BD0B1577-D745-4A10-A072-1291622D18EA}"
EndProject
Global
	GlobalSection(SolutionConfigurationPlatforms) = preSolution
		Debug|Any CPU = Debug|Any CPU
		Release|Any CPU = Release|Any CPU
	EndGlobalSection
	GlobalSection(ProjectConfigurationPlatforms) = postSolution
		{BD0B1577-D745-4A10-A072-1291622D18EA}.Debug|Any CPU.ActiveCfg = Debug|Any CPU
		{BD0B1577-D745-4A10-A072-1291622D18EA}.Debug|Any CPU.Build.0 = Debug|Any CPU
		{BD0B1577-D745-4A10-A072-1291622D18EA}.Release|Any CPU.ActiveCfg = Release|Any CPU
		{BD0B1577-D745-4A10-A072-1291622D18EA}.Release|Any CPU.Build.0 = Release|Any CPU
	EndGlobalSection
	GlobalSection(SolutionProperties) = preSolution
		HideSolutionNode = FALSE
	EndGlobalSection
	GlobalSection(ExtensibilityGlobals) = postSolution
		SolutionGuid = {2B7BC3D3-8954-4B29-AE76-B70E6429E1D1}
	EndGlobalSection
EndGlobal
